
Microsoft Visual Studio Solution File, Format Version 12.00
Project("{FAE04EC0-301F-11D3-BF4B-00C04F79EFBC}") = "PLCSimulation", "PLCSimulation\PLCSimulation.csproj", "{0C50DD60-8AB6-4C4D-942D-3FC54A0FCC2B}"
EndProject
Global
	GlobalSection(SolutionConfigurationPlatforms) = preSolution
		Debug|Any CPU = Debug|Any CPU
		Release|Any CPU = Release|Any CPU
	EndGlobalSection
	GlobalSection(ProjectConfigurationPlatforms) = postSolution
		{0C50DD60-8AB6-4C4D-942D-3FC54A0FCC2B}.Debug|Any CPU.ActiveCfg = Debug|Any CPU
		{0C50DD60-8AB6-4C4D-942D-3FC54A0FCC2B}.Debug|Any CPU.Build.0 = Debug|Any CPU
		{0C50DD60-8AB6-4C4D-942D-3FC54A0FCC2B}.Release|Any CPU.ActiveCfg = Release|Any CPU
		{0C50DD60-8AB6-4C4D-942D-3FC54A0FCC2B}.Release|Any CPU.Build.0 = Release|Any CPU
	EndGlobalSection
EndGlobal
